
Microsoft Visual Studio Solution File, Format Version 12.00
# Visual Studio Version 16
VisualStudioVersion = 16.0.31729.503
MinimumVisualStudioVersion = 10.0.40219.1
Project("{FAE04EC0-301F-11D3-BF4B-00C04F79EFBC}") = "Demo", "Demo\Demo.csproj", "{F6AF6995-BE3D-4D60-B488-93A7C6DFBDCF}"
EndProject
Global
	GlobalSection(SolutionConfigurationPlatforms) = preSolution
		Debug|Any CPU = Debug|Any CPU
		Release|Any CPU = Release|Any CPU
	EndGlobalSection
	GlobalSection(ProjectConfigurationPlatforms) = postSolution
		{F6AF6995-BE3D-4D60-B488-93A7C6DFBDCF}.Debug|Any CPU.ActiveCfg = Debug|Any CPU
		{F6AF6995-BE3D-4D60-B488-93A7C6DFBDCF}.Debug|Any CPU.Build.0 = Debug|Any CPU
		{F6AF6995-BE3D-4D60-B488-93A7C6DFBDCF}.Release|Any CPU.ActiveCfg = Release|Any CPU
		{F6AF6995-BE3D-4D60-B488-93A7C6DFBDCF}.Release|Any CPU.Build.0 = Release|Any CPU
	EndGlobalSection
	GlobalSection(SolutionProperties) = preSolution
		HideSolutionNode = FALSE
	EndGlobalSection
	GlobalSection(ExtensibilityGlobals) = postSolution
		SolutionGuid = {8CA11E64-9DC0-4808-8FF4-07743C3106D8}
	EndGlobalSection
EndGlobal
